{
	"name": "schematic-renderer",
	"lockfileVersion": 3,
	"requires": true,
	"packages": {
		"": {
			"name": "schematic-renderer",
			"dependencies": {
				"three": "^0.161.0"
			},
			"devDependencies": {
				"@enginehub/schematicjs": "^0.9.1",
				"@types/bun": "latest",
				"@types/gzip-js": "^0.3.5",
				"@types/three": "^0.161.2",
				"deepmerge": "^4.3.1",
				"gzip-js": "^0.3.2",
				"jszip": "^3.10.1"
			},
			"peerDependencies": {
				"typescript": "^5.0.0"
			}
		},
		"node_modules/@enginehub/schematicjs": {
			"version": "0.9.1",
			"resolved": "https://registry.npmjs.org/@enginehub/schematicjs/-/schematicjs-0.9.1.tgz",
			"integrity": "sha512-3R3iGy+i+eh/dSpT3goeGsIsM67v5MkRg8QwgEA/t4Y8MHflWAifzpGkV5IpDtpYogSkqz1k0oEBLlepa1EMlA==",
			"dev": true,
			"dependencies": {
				"nbt-ts": "^1.3.5"
			}
		},
		"node_modules/@types/bun": {
			"version": "1.0.6",
			"resolved": "https://registry.npmjs.org/@types/bun/-/bun-1.0.6.tgz",
			"integrity": "sha512-RtBfd9vxT4LmgKtENsJeM5j0Kwy+CyIEY8Z99oPdh5SZWjZAIEsNdSCeAO3q3GBiNWXjJ5IIJPjDQdwSeKiRFA==",
			"dev": true,
			"dependencies": {
				"bun-types": "1.0.27"
			}
		},
		"node_modules/@types/gzip-js": {
			"version": "0.3.5",
			"resolved": "https://registry.npmjs.org/@types/gzip-js/-/gzip-js-0.3.5.tgz",
			"integrity": "sha512-mrkNfjP5i2qdwosyrfTwJzWwHm7Kk/bZLPMpStfyJEkZ3oCw/IFGp8iZ0RARI9qBa+0soLLYwkK4zZ6UMABdKw==",
			"dev": true,
			"dependencies": {
				"@types/node": "*"
			}
		},
		"node_modules/@types/node": {
			"version": "20.11.19",
			"resolved": "https://registry.npmjs.org/@types/node/-/node-20.11.19.tgz",
			"integrity": "sha512-7xMnVEcZFu0DikYjWOlRq7NTPETrm7teqUT2WkQjrTIkEgUyyGdWsj/Zg8bEJt5TNklzbPD1X3fqfsHw3SpapQ==",
			"dev": true,
			"dependencies": {
				"undici-types": "~5.26.4"
			}
		},
		"node_modules/@types/stats.js": {
			"version": "0.17.3",
			"resolved": "https://registry.npmjs.org/@types/stats.js/-/stats.js-0.17.3.tgz",
			"integrity": "sha512-pXNfAD3KHOdif9EQXZ9deK82HVNaXP5ZIF5RP2QG6OQFNTaY2YIetfrE9t528vEreGQvEPRDDc8muaoYeK0SxQ==",
			"dev": true
		},
		"node_modules/@types/three": {
			"version": "0.161.2",
			"resolved": "https://registry.npmjs.org/@types/three/-/three-0.161.2.tgz",
			"integrity": "sha512-DazpZ+cIfBzbW/p0zm6G8CS03HBMd748A3R1ZOXHpqaXZLv2I5zNgQUrRG//UfJ6zYFp2cUoCQaOLaz8ubH07w==",
			"dev": true,
			"dependencies": {
				"@types/stats.js": "*",
				"@types/webxr": "*",
				"fflate": "~0.6.10",
				"meshoptimizer": "~0.18.1"
			}
		},
		"node_modules/@types/webxr": {
			"version": "0.5.14",
			"resolved": "https://registry.npmjs.org/@types/webxr/-/webxr-0.5.14.tgz",
			"integrity": "sha512-UEMMm/Xn3DtEa+gpzUrOcDj+SJS1tk5YodjwOxcqStNhCfPcwgyC5Srg2ToVKyg2Fhq16Ffpb0UWUQHqoT9AMA==",
			"dev": true
		},
		"node_modules/@types/ws": {
			"version": "8.5.10",
			"resolved": "https://registry.npmjs.org/@types/ws/-/ws-8.5.10.tgz",
			"integrity": "sha512-vmQSUcfalpIq0R9q7uTo2lXs6eGIpt9wtnLdMv9LVpIjCA/+ufZRozlVoVelIYixx1ugCBKDhn89vnsEGOCx9A==",
			"dev": true,
			"dependencies": {
				"@types/node": "*"
			}
		},
		"node_modules/bun-types": {
			"version": "1.0.27",
			"resolved": "https://registry.npmjs.org/bun-types/-/bun-types-1.0.27.tgz",
			"integrity": "sha512-fwaJ3Ey6InD4nAkUd+AwzHDmxGdWWRy/SWh0QQEw7QF/ABnoqSv+iQrA5tIK4TyUyR/V9446G+w53+sOmJOJyA==",
			"dev": true,
			"dependencies": {
				"@types/node": "~20.11.3",
				"@types/ws": "~8.5.10"
			}
		},
		"node_modules/core-util-is": {
			"version": "1.0.3",
			"resolved": "https://registry.npmjs.org/core-util-is/-/core-util-is-1.0.3.tgz",
			"integrity": "sha512-ZQBvi1DcpJ4GDqanjucZ2Hj3wEO5pZDS89BWbkcrvdxksJorwUDDZamX9ldFkp9aw2lmBDLgkObEA4DWNJ9FYQ==",
			"dev": true
		},
		"node_modules/crc32": {
			"version": "0.2.2",
			"resolved": "https://registry.npmjs.org/crc32/-/crc32-0.2.2.tgz",
			"integrity": "sha512-PFZEGbDUeoNbL2GHIEpJRQGheXReDody/9axKTxhXtQqIL443wnNigtVZO9iuCIMPApKZRv7k2xr8euXHqNxQQ==",
			"dev": true,
			"bin": {
				"crc32": "bin/runner.js"
			},
			"engines": {
				"node": ">= 0.4.0"
			}
		},
		"node_modules/deepmerge": {
			"version": "4.3.1",
			"resolved": "https://registry.npmjs.org/deepmerge/-/deepmerge-4.3.1.tgz",
			"integrity": "sha512-3sUqbMEc77XqpdNO7FRyRog+eW3ph+GYCbj+rK+uYyRMuwsVy0rMiVtPn+QJlKFvWP/1PYpapqYn0Me2knFn+A==",
			"dev": true,
			"engines": {
				"node": ">=0.10.0"
			}
		},
		"node_modules/deflate-js": {
			"version": "0.2.3",
			"resolved": "https://registry.npmjs.org/deflate-js/-/deflate-js-0.2.3.tgz",
			"integrity": "sha512-r5KgHJ/yTiWQs23nVeQz5dSL/kmW0MBszsssNyEqDCjjFDj4XG/c6QUN/I0JtY3ZHwwcaNBtGE8s+oV33acTfQ==",
			"dev": true,
			"bin": {
				"deflate-js": "bin/deflate.js",
				"inflate-js": "bin/inflate.js"
			},
			"engines": {
				"node": ">= 0.4.0"
			}
		},
		"node_modules/fflate": {
			"version": "0.6.10",
			"resolved": "https://registry.npmjs.org/fflate/-/fflate-0.6.10.tgz",
			"integrity": "sha512-IQrh3lEPM93wVCEczc9SaAOvkmcoQn/G8Bo1e8ZPlY3X3bnAxWaBdvTdvM1hP62iZp0BXWDy4vTAy4fF0+Dlpg==",
			"dev": true
		},
		"node_modules/gzip-js": {
			"version": "0.3.2",
			"resolved": "https://registry.npmjs.org/gzip-js/-/gzip-js-0.3.2.tgz",
			"integrity": "sha512-BFTiwtEN12koJsnhVo77SzW+u6VANzhaK0HEtdwFwgFzFOq1WQJ8eSPEyGAueUfs1C/WqdgtuYnUwCRuRm1A5Q==",
			"dev": true,
			"dependencies": {
				"crc32": ">= 0.2.2",
				"deflate-js": ">= 0.2.2"
			},
			"bin": {
				"gunzip-js": "bin/gunzip.js",
				"gzip-js": "bin/gzip.js"
			},
			"engines": {
				"node": ">= 0.4.0"
			}
		},
		"node_modules/immediate": {
			"version": "3.0.6",
			"resolved": "https://registry.npmjs.org/immediate/-/immediate-3.0.6.tgz",
			"integrity": "sha512-XXOFtyqDjNDAQxVfYxuF7g9Il/IbWmmlQg2MYKOH8ExIT1qg6xc4zyS3HaEEATgs1btfzxq15ciUiY7gjSXRGQ==",
			"dev": true
		},
		"node_modules/inherits": {
			"version": "2.0.4",
			"resolved": "https://registry.npmjs.org/inherits/-/inherits-2.0.4.tgz",
			"integrity": "sha512-k/vGaX4/Yla3WzyMCvTQOXYeIHvqOKtnqBduzTHpzpQZzAskKMhZ2K+EnBiSM9zGSoIFeMpXKxa4dYeZIQqewQ==",
			"dev": true
		},
		"node_modules/isarray": {
			"version": "1.0.0",
			"resolved": "https://registry.npmjs.org/isarray/-/isarray-1.0.0.tgz",
			"integrity": "sha512-VLghIWNM6ELQzo7zwmcg0NmTVyWKYjvIeM83yjp0wRDTmUnrM678fQbcKBo6n2CJEF0szoG//ytg+TKla89ALQ==",
			"dev": true
		},
		"node_modules/jszip": {
			"version": "3.10.1",
			"resolved": "https://registry.npmjs.org/jszip/-/jszip-3.10.1.tgz",
			"integrity": "sha512-xXDvecyTpGLrqFrvkrUSoxxfJI5AH7U8zxxtVclpsUtMCq4JQ290LY8AW5c7Ggnr/Y/oK+bQMbqK2qmtk3pN4g==",
			"dev": true,
			"dependencies": {
				"lie": "~3.3.0",
				"pako": "~1.0.2",
				"readable-stream": "~2.3.6",
				"setimmediate": "^1.0.5"
			}
		},
		"node_modules/lie": {
			"version": "3.3.0",
			"resolved": "https://registry.npmjs.org/lie/-/lie-3.3.0.tgz",
			"integrity": "sha512-UaiMJzeWRlEujzAuw5LokY1L5ecNQYZKfmyZ9L7wDHb/p5etKaxXhohBcrw0EYby+G/NA52vRSN4N39dxHAIwQ==",
			"dev": true,
			"dependencies": {
				"immediate": "~3.0.5"
			}
		},
		"node_modules/meshoptimizer": {
			"version": "0.18.1",
			"resolved": "https://registry.npmjs.org/meshoptimizer/-/meshoptimizer-0.18.1.tgz",
			"integrity": "sha512-ZhoIoL7TNV4s5B6+rx5mC//fw8/POGyNxS/DZyCJeiZ12ScLfVwRE/GfsxwiTkMYYD5DmK2/JXnEVXqL4rF+Sw==",
			"dev": true
		},
		"node_modules/nbt-ts": {
			"version": "1.3.6",
			"resolved": "https://registry.npmjs.org/nbt-ts/-/nbt-ts-1.3.6.tgz",
			"integrity": "sha512-TFMiJu0BQrH6IrVjVgk1osoN58Ep3SDz4rIM5h5y3nabT6sdSujnKKV9nJyEWBO/JfdWWCma3fiagcOvlXLojw==",
			"dev": true
		},
		"node_modules/pako": {
			"version": "1.0.11",
			"resolved": "https://registry.npmjs.org/pako/-/pako-1.0.11.tgz",
			"integrity": "sha512-4hLB8Py4zZce5s4yd9XzopqwVv/yGNhV1Bl8NTmCq1763HeK2+EwVTv+leGeL13Dnh2wfbqowVPXCIO0z4taYw==",
			"dev": true
		},
		"node_modules/process-nextick-args": {
			"version": "2.0.1",
			"resolved": "https://registry.npmjs.org/process-nextick-args/-/process-nextick-args-2.0.1.tgz",
			"integrity": "sha512-3ouUOpQhtgrbOa17J7+uxOTpITYWaGP7/AhoR3+A+/1e9skrzelGi/dXzEYyvbxubEF6Wn2ypscTKiKJFFn1ag==",
			"dev": true
		},
		"node_modules/readable-stream": {
			"version": "2.3.8",
			"resolved": "https://registry.npmjs.org/readable-stream/-/readable-stream-2.3.8.tgz",
			"integrity": "sha512-8p0AUk4XODgIewSi0l8Epjs+EVnWiK7NoDIEGU0HhE7+ZyY8D1IMY7odu5lRrFXGg71L15KG8QrPmum45RTtdA==",
			"dev": true,
			"dependencies": {
				"core-util-is": "~1.0.0",
				"inherits": "~2.0.3",
				"isarray": "~1.0.0",
				"process-nextick-args": "~2.0.0",
				"safe-buffer": "~5.1.1",
				"string_decoder": "~1.1.1",
				"util-deprecate": "~1.0.1"
			}
		},
		"node_modules/safe-buffer": {
			"version": "5.1.2",
			"resolved": "https://registry.npmjs.org/safe-buffer/-/safe-buffer-5.1.2.tgz",
			"integrity": "sha512-Gd2UZBJDkXlY7GbJxfsE8/nvKkUEU1G38c1siN6QP6a9PT9MmHB8GnpscSmMJSoF8LOIrt8ud/wPtojys4G6+g==",
			"dev": true
		},
		"node_modules/setimmediate": {
			"version": "1.0.5",
			"resolved": "https://registry.npmjs.org/setimmediate/-/setimmediate-1.0.5.tgz",
			"integrity": "sha512-MATJdZp8sLqDl/68LfQmbP8zKPLQNV6BIZoIgrscFDQ+RsvK/BxeDQOgyxKKoh0y/8h3BqVFnCqQ/gd+reiIXA==",
			"dev": true
		},
		"node_modules/string_decoder": {
			"version": "1.1.1",
			"resolved": "https://registry.npmjs.org/string_decoder/-/string_decoder-1.1.1.tgz",
			"integrity": "sha512-n/ShnvDi6FHbbVfviro+WojiFzv+s8MPMHBczVePfUpDJLwoLT0ht1l4YwBCbi8pJAveEEdnkHyPyTP/mzRfwg==",
			"dev": true,
			"dependencies": {
				"safe-buffer": "~5.1.0"
			}
		},
		"node_modules/three": {
			"version": "0.161.0",
			"resolved": "https://registry.npmjs.org/three/-/three-0.161.0.tgz",
			"integrity": "sha512-LC28VFtjbOyEu5b93K0bNRLw1rQlMJ85lilKsYj6dgTu+7i17W+JCCEbvrpmNHF1F3NAUqDSWq50UD7w9H2xQw=="
		},
		"node_modules/typescript": {
			"version": "5.3.3",
			"license": "Apache-2.0",
			"peer": true,
			"bin": {
				"tsc": "bin/tsc",
				"tsserver": "bin/tsserver"
			},
			"engines": {
				"node": ">=14.17"
			}
		},
		"node_modules/undici-types": {
			"version": "5.26.5",
			"resolved": "https://registry.npmjs.org/undici-types/-/undici-types-5.26.5.tgz",
			"integrity": "sha512-JlCMO+ehdEIKqlFxk6IfVoAUVmgz7cU7zD/h9XZ0qzeosSHmUJVOzSQvvYSYWXkFXC+IfLKSIffhv0sVZup6pA==",
			"dev": true
		},
		"node_modules/util-deprecate": {
			"version": "1.0.2",
			"resolved": "https://registry.npmjs.org/util-deprecate/-/util-deprecate-1.0.2.tgz",
			"integrity": "sha512-EPD5q1uXyFxJpCrLnCc1nHnq3gOa6DZBocAIiI2TaSCA7VCJ1UJDMagCzIkXNsUYfD1daK//LTEQ8xiIbrHtcw==",
			"dev": true
		}
	}
}
